
Microsoft Visual Studio Solution File, Format Version 12.00
# Visual Studio 15
VisualStudioVersion = 15.0.28306.52
MinimumVisualStudioVersion = 10.0.40219.1
Project("{FAE04EC0-301F-11D3-BF4B-00C04F79EFBC}") = "Polynom", "Polinom\Polynom.csproj", "{F1D21543-B8E8-45F3-94FC-A19F6A2CBF49}"
EndProject
Project("{FAE04EC0-301F-11D3-BF4B-00C04F79EFBC}") = "UnitTestPolynom", "UnitTestPolynom\UnitTestPolynom.csproj", "{5CDE38D9-0899-4AA1-832D-56F3EA6BE212}"
EndProject
Global
	GlobalSection(SolutionConfigurationPlatforms) = preSolution
		Debug|Any CPU = Debug|Any CPU
		Release|Any CPU = Release|Any CPU
	EndGlobalSection
	GlobalSection(ProjectConfigurationPlatforms) = postSolution
		{F1D21543-B8E8-45F3-94FC-A19F6A2CBF49}.Debug|Any CPU.ActiveCfg = Debug|Any CPU
		{F1D21543-B8E8-45F3-94FC-A19F6A2CBF49}.Debug|Any CPU.Build.0 = Debug|Any CPU
		{F1D21543-B8E8-45F3-94FC-A19F6A2CBF49}.Release|Any CPU.ActiveCfg = Release|Any CPU
		{F1D21543-B8E8-45F3-94FC-A19F6A2CBF49}.Release|Any CPU.Build.0 = Release|Any CPU
		{5CDE38D9-0899-4AA1-832D-56F3EA6BE212}.Debug|Any CPU.ActiveCfg = Debug|Any CPU
		{5CDE38D9-0899-4AA1-832D-56F3EA6BE212}.Debug|Any CPU.Build.0 = Debug|Any CPU
		{5CDE38D9-0899-4AA1-832D-56F3EA6BE212}.Release|Any CPU.ActiveCfg = Release|Any CPU
		{5CDE38D9-0899-4AA1-832D-56F3EA6BE212}.Release|Any CPU.Build.0 = Release|Any CPU
	EndGlobalSection
	GlobalSection(SolutionProperties) = preSolution
		HideSolutionNode = FALSE
	EndGlobalSection
	GlobalSection(ExtensibilityGlobals) = postSolution
		SolutionGuid = {EC7175D7-4F0C-4FAF-A714-21836AF21DD6}
	EndGlobalSection
EndGlobal
